
Microsoft Visual Studio Solution File, Format Version 12.00
# Visual Studio Version 17
VisualStudioVersion = 17.8.34330.188
MinimumVisualStudioVersion = 10.0.40219.1
Project("{8BC9CEB8-8B4A-11D0-8D11-00A0C91BC942}") = "Msvc", "Msvc.vcxproj", "{6657912A-227E-4C4E-A954-F097A8513DD7}"
EndProject
Global
	GlobalSection(SolutionConfigurationPlatforms) = preSolution
		Debug|x64 = Debug|x64
		Debug|x86 = Debug|x86
		Release|x64 = Release|x64
		Release|x86 = Release|x86
	EndGlobalSection
	GlobalSection(ProjectConfigurationPlatforms) = postSolution
		{6657912A-227E-4C4E-A954-F097A8513DD7}.Debug|x64.ActiveCfg = Debug|x64
		{6657912A-227E-4C4E-A954-F097A8513DD7}.Debug|x64.Build.0 = Debug|x64
		{6657912A-227E-4C4E-A954-F097A8513DD7}.Debug|x86.ActiveCfg = Debug|Win32
		{6657912A-227E-4C4E-A954-F097A8513DD7}.Debug|x86.Build.0 = Debug|Win32
		{6657912A-227E-4C4E-A954-F097A8513DD7}.Release|x64.ActiveCfg = Release|x64
		{6657912A-227E-4C4E-A954-F097A8513DD7}.Release|x64.Build.0 = Release|x64
		{6657912A-227E-4C4E-A954-F097A8513DD7}.Release|x86.ActiveCfg = Release|Win32
		{6657912A-227E-4C4E-A954-F097A8513DD7}.Release|x86.Build.0 = Release|Win32
	EndGlobalSection
	GlobalSection(SolutionProperties) = preSolution
		HideSolutionNode = FALSE
	EndGlobalSection
	GlobalSection(ExtensibilityGlobals) = postSolution
		SolutionGuid = {51B3501F-5D3B-449B-A003-C8E565635D41}
	EndGlobalSection
EndGlobal
